
Microsoft Visual Studio Solution File, Format Version 11.00
# Visual Studio 2010
Project("{FAE04EC0-301F-11D3-BF4B-00C04F79EFBC}") = "Assembly-CSharp", "Assembly-CSharp.csproj", "{9a6bcf77-b022-42ab-b4aa-185f9e6d93aa}"
EndProject
Project("{FAE04EC0-301F-11D3-BF4B-00C04F79EFBC}") = "Assembly-CSharp-Editor", "Assembly-CSharp-Editor.csproj", "{f97d8355-451d-96e7-5b61-85245fe1ff2c}"
EndProject
Project("{FAE04EC0-301F-11D3-BF4B-00C04F79EFBC}") = "Assembly-CSharp-Editor-firstpass", "Assembly-CSharp-Editor-firstpass.csproj", "{663e91b1-0abe-2882-07d8-089f5913548a}"
EndProject
Global
	GlobalSection(SolutionConfigurationPlatforms) = preSolution
		Debug|Any CPU = Debug|Any CPU
	EndGlobalSection
	GlobalSection(ProjectConfigurationPlatforms) = postSolution
		{9a6bcf77-b022-42ab-b4aa-185f9e6d93aa}.Debug|Any CPU.ActiveCfg = Debug|Any CPU
		{9a6bcf77-b022-42ab-b4aa-185f9e6d93aa}.Debug|Any CPU.Build.0 = Debug|Any CPU
		{f97d8355-451d-96e7-5b61-85245fe1ff2c}.Debug|Any CPU.ActiveCfg = Debug|Any CPU
		{f97d8355-451d-96e7-5b61-85245fe1ff2c}.Debug|Any CPU.Build.0 = Debug|Any CPU
		{663e91b1-0abe-2882-07d8-089f5913548a}.Debug|Any CPU.ActiveCfg = Debug|Any CPU
		{663e91b1-0abe-2882-07d8-089f5913548a}.Debug|Any CPU.Build.0 = Debug|Any CPU
	EndGlobalSection
	GlobalSection(SolutionProperties) = preSolution
		HideSolutionNode = FALSE
	EndGlobalSection
EndGlobal
